// !$*UTF8*$!
{
	archiveVersion = 1;
	classes = {
	};
	objectVersion = 77;
	objects = {

/* Begin PBXBuildFile section */
		541D1BD12F6E5DF600CD6F2F /* StoreKit.framework in Frameworks */ = {isa = PBXBuildFile; fileRef = 541D1BD02F6E5DF600CD6F2F /* StoreKit.framework */; };
		541D1BD72F6E62E500CD6F2F /* Products.storekit in Resources */ = {isa = PBXBuildFile; fileRef = 541D1BD62F6E62E500CD6F2F /* Products.storekit */; };
/* End PBXBuildFile section */

/* Begin PBXContainerItemProxy section */
		54E6ACDB2F69240C00E21BC6 /* PBXContainerItemProxy */ = {
			isa = PBXContainerItemProxy;
			containerPortal = 54E6ACC12F69240A00E21BC6 /* Project object */;
			proxyType = 1;
			remoteGlobalIDString = 54E6ACC82F69240A00E21BC6;
			remoteInfo = "Sink or Swim";
		};
		54E6ACE52F69240C00E21BC6 /* PBXContainerItemProxy */ = {
			isa = PBXContainerItemProxy;
			containerPortal = 54E6ACC12F69240A00E21BC6 /* Project object */;
			proxyType = 1;
			remoteGlobalIDString = 54E6ACC82F69240A00E21BC6;
			remoteInfo = "Sink or Swim";
		};
/* End PBXContainerItemProxy section */

/* Begin PBXFileReference section */
		541D1BD02F6E5DF600CD6F2F /* StoreKit.framework */ = {isa = PBXFileReference; lastKnownFileType = wrapper.framework; name = StoreKit.framework; path = System/Library/Frameworks/StoreKit.framework; sourceTree = SDKROOT; };
		541D1BD62F6E62E500CD6F2F /* Products.storekit */ = {isa = PBXFileReference; lastKnownFileType = text; path = Products.storekit; sourceTree = "<group>"; };
		54E6ACC92F69240A00E21BC6 /* Sink or Swim.app */ = {isa = PBXFileReference; explicitFileType = wrapper.application; includeInIndex = 0; path = "Sink or Swim.app"; sourceTree = BUILT_PRODUCTS_DIR; };
		54E6ACDA2F69240C00E21BC6 /* Sink or SwimTests.xctest */ = {isa = PBXFileReference; explicitFileType = wrapper.cfbundle; includeInIndex = 0; path = "Sink or SwimTests.xctest"; sourceTree = BUILT_PRODUCTS_DIR; };
		54E6ACE42F69240C00E21BC6 /* Sink or SwimUITests.xctest */ = {isa = PBXFileReference; explicitFileType = wrapper.cfbundle; includeInIndex = 0; path = "Sink or SwimUITests.xctest"; sourceTree = BUILT_PRODUCTS_DIR; };
/* End PBXFileReference section */

/* Begin PBXFileSystemSynchronizedBuildFileExceptionSet section */
		54E6ACEC2F69240C00E21BC6 /* Exceptions for "Sink or Swim" folder in "Sink or Swim" target */ = {
			isa = PBXFileSystemSynchronizedBuildFileExceptionSet;
			membershipExceptions = (
				Info.plist,
			);
			target = 54E6ACC82F69240A00E21BC6 /* Sink or Swim */;
		};
/* End PBXFileSystemSynchronizedBuildFileExceptionSet section */

/* Begin PBXFileSystemSynchronizedRootGroup section */
		54E6ACCB2F69240A00E21BC6 /* Sink or Swim */ = {
			isa = PBXFileSystemSynchronizedRootGroup;
			exceptions = (
				54E6ACEC2F69240C00E21BC6 /* Exceptions for "Sink or Swim" folder in "Sink or Swim" target */,
			);
			path = "Sink or Swim";
			sourceTree = "<group>";
		};
		54E6ACDD2F69240C00E21BC6 /* Sink or SwimTests */ = {
			isa = PBXFileSystemSynchronizedRootGroup;
			path = "Sink or SwimTests";
			sourceTree = "<group>";
		};
		54E6ACE72F69240C00E21BC6 /* Sink or SwimUITests */ = {
			isa = PBXFileSystemSynchronizedRootGroup;
			path = "Sink or SwimUITests";
			sourceTree = "<group>";
		};
/* End PBXFileSystemSynchronizedRootGroup section */

/* Begin PBXFrameworksBuildPhase section */
		54E6ACC62F69240A00E21BC6 /* Frameworks */ = {
			isa = PBXFrameworksBuildPhase;
			buildActionMask = 2147483647;
			files = (
				541D1BD12F6E5DF600CD6F2F /* StoreKit.framework in Frameworks */,
			);
			runOnlyForDeploymentPostprocessing = 0;
		};
		54E6ACD72F69240C00E21BC6 /* Frameworks */ = {
			isa = PBXFrameworksBuildPhase;
			buildActionMask = 2147483647;
			files = (
			);
			runOnlyForDeploymentPostprocessing = 0;
		};
		54E6ACE12F69240C00E21BC6 /* Frameworks */ = {
			isa = PBXFrameworksBuildPhase;
			buildActionMask = 2147483647;
			files = (
			);
			runOnlyForDeploymentPostprocessing = 0;
		};
/* End PBXFrameworksBuildPhase section */

/* Begin PBXGroup section */
		541D1BCF2F6E5DF600CD6F2F /* Frameworks */ = {
			isa = PBXGroup;
			children = (
				541D1BD02F6E5DF600CD6F2F /* StoreKit.framework */,
			);
			name = Frameworks;
			sourceTree = "<group>";
		};
		54E6ACC02F69240A00E21BC6 = {
			isa = PBXGroup;
			children = (
				541D1BD62F6E62E500CD6F2F /* Products.storekit */,
				54E6ACCB2F69240A00E21BC6 /* Sink or Swim */,
				54E6ACDD2F69240C00E21BC6 /* Sink or SwimTests */,
				54E6ACE72F69240C00E21BC6 /* Sink or SwimUITests */,
				541D1BCF2F6E5DF600CD6F2F /* Frameworks */,
				54E6ACCA2F69240A00E21BC6 /* Products */,
			);
			sourceTree = "<group>";
		};
		54E6ACCA2F69240A00E21BC6 /* Products */ = {
			isa = PBXGroup;
			children = (
				54E6ACC92F69240A00E21BC6 /* Sink or Swim.app */,
				54E6ACDA2F69240C00E21BC6 /* Sink or SwimTests.xctest */,
				54E6ACE42F69240C00E21BC6 /* Sink or SwimUITests.xctest */,
			);
			name = Products;
			sourceTree = "<group>";
		};
/* End PBXGroup section */

/* Begin PBXNativeTarget section */
		54E6ACC82F69240A00E21BC6 /* Sink or Swim */ = {
			isa = PBXNativeTarget;
			buildConfigurationList = 54E6ACED2F69240C00E21BC6 /* Build configuration list for PBXNativeTarget "Sink or Swim" */;
			buildPhases = (
				54E6ACC52F69240A00E21BC6 /* Sources */,
				54E6ACC62F69240A00E21BC6 /* Frameworks */,
				54E6ACC72F69240A00E21BC6 /* Resources */,
			);
			buildRules = (
			);
			dependencies = (
			);
			fileSystemSynchronizedGroups = (
				54E6ACCB2F69240A00E21BC6 /* Sink or Swim */,
			);
			name = "Sink or Swim";
			packageProductDependencies = (
			);
			productName = "Sink or Swim";
			productReference = 54E6ACC92F69240A00E21BC6 /* Sink or Swim.app */;
			productType = "com.apple.product-type.application";
		};
		54E6ACD92F69240C00E21BC6 /* Sink or SwimTests */ = {
			isa = PBXNativeTarget;
			buildConfigurationList = 54E6ACF22F69240C00E21BC6 /* Build configuration list for PBXNativeTarget "Sink or SwimTests" */;
			buildPhases = (
				54E6ACD62F69240C00E21BC6 /* Sources */,
				54E6ACD72F69240C00E21BC6 /* Frameworks */,
				54E6ACD82F69240C00E21BC6 /* Resources */,
			);
			buildRules = (
			);
			dependencies = (
				54E6ACDC2F69240C00E21BC6 /* PBXTargetDependency */,
			);
			fileSystemSynchronizedGroups = (
				54E6ACDD2F69240C00E21BC6 /* Sink or SwimTests */,
			);
			name = "Sink or SwimTests";
			packageProductDependencies = (
			);
			productName = "Sink or SwimTests";
			productReference = 54E6ACDA2F69240C00E21BC6 /* Sink or SwimTests.xctest */;
			productType = "com.apple.product-type.bundle.unit-test";
		};
		54E6ACE32F69240C00E21BC6 /* Sink or SwimUITests */ = {
			isa = PBXNativeTarget;
			buildConfigurationList = 54E6ACF52F69240C00E21BC6 /* Build configuration list for PBXNativeTarget "Sink or SwimUITests" */;
			buildPhases = (
				54E6ACE02F69240C00E21BC6 /* Sources */,
				54E6ACE12F69240C00E21BC6 /* Frameworks */,
				54E6ACE22F69240C00E21BC6 /* Resources */,
			);
			buildRules = (
			);
			dependencies = (
				54E6ACE62F69240C00E21BC6 /* PBXTargetDependency */,
			);
			fileSystemSynchronizedGroups = (
				54E6ACE72F69240C00E21BC6 /* Sink or SwimUITests */,
			);
			name = "Sink or SwimUITests";
			packageProductDependencies = (
			);
			productName = "Sink or SwimUITests";
			productReference = 54E6ACE42F69240C00E21BC6 /* Sink or SwimUITests.xctest */;
			productType = "com.apple.product-type.bundle.ui-testing";
		};
/* End PBXNativeTarget section */

/* Begin PBXProject section */
		54E6ACC12F69240A00E21BC6 /* Project object */ = {
			isa = PBXProject;
			attributes = {
				BuildIndependentTargetsInParallel = 1;
				LastSwiftUpdateCheck = 2630;
				LastUpgradeCheck = 2630;
				TargetAttributes = {
					54E6ACC82F69240A00E21BC6 = {
						CreatedOnToolsVersion = 26.3;
					};
					54E6ACD92F69240C00E21BC6 = {
						CreatedOnToolsVersion = 26.3;
						TestTargetID = 54E6ACC82F69240A00E21BC6;
					};
					54E6ACE32F69240C00E21BC6 = {
						CreatedOnToolsVersion = 26.3;
						TestTargetID = 54E6ACC82F69240A00E21BC6;
					};
				};
			};
			buildConfigurationList = 54E6ACC42F69240A00E21BC6 /* Build configuration list for PBXProject "Sink or Swim" */;
			developmentRegion = en;
			hasScannedForEncodings = 0;
			knownRegions = (
				en,
				Base,
			);
			mainGroup = 54E6ACC02F69240A00E21BC6;
			minimizedProjectReferenceProxies = 1;
			preferredProjectObjectVersion = 77;
			productRefGroup = 54E6ACCA2F69240A00E21BC6 /* Products */;
			projectDirPath = "";
			projectRoot = "";
			targets = (
				54E6ACC82F69240A00E21BC6 /* Sink or Swim */,
				54E6ACD92F69240C00E21BC6 /* Sink or SwimTests */,
				54E6ACE32F69240C00E21BC6 /* Sink or SwimUITests */,
			);
		};
/* End PBXProject section */

/* Begin PBXResourcesBuildPhase section */
		54E6ACC72F69240A00E21BC6 /* Resources */ = {
			isa = PBXResourcesBuildPhase;
			buildActionMask = 2147483647;
			files = (
				541D1BD72F6E62E500CD6F2F /* Products.storekit in Resources */,
			);
			runOnlyForDeploymentPostprocessing = 0;
		};
		54E6ACD82F69240C00E21BC6 /* Resources */ = {
			isa = PBXResourcesBuildPhase;
			buildActionMask = 2147483647;
			files = (
			);
			runOnlyForDeploymentPostprocessing = 0;
		};
		54E6ACE22F69240C00E21BC6 /* Resources */ = {
			isa = PBXResourcesBuildPhase;
			buildActionMask = 2147483647;
			files = (
			);
			runOnlyForDeploymentPostprocessing = 0;
		};
/* End PBXResourcesBuildPhase section */

/* Begin PBXSourcesBuildPhase section */
		54E6ACC52F69240A00E21BC6 /* Sources */ = {
			isa = PBXSourcesBuildPhase;
			buildActionMask = 2147483647;
			files = (
			);
			runOnlyForDeploymentPostprocessing = 0;
		};
		54E6ACD62F69240C00E21BC6 /* Sources */ = {
			isa = PBXSourcesBuildPhase;
			buildActionMask = 2147483647;
			files = (
			);
			runOnlyForDeploymentPostprocessing = 0;
		};
		54E6ACE02F69240C00E21BC6 /* Sources */ = {
			isa = PBXSourcesBuildPhase;
			buildActionMask = 2147483647;
			files = (
			);
			runOnlyForDeploymentPostprocessing = 0;
		};
/* End PBXSourcesBuildPhase section */

/* Begin PBXTargetDependency section */
		54E6ACDC2F69240C00E21BC6 /* PBXTargetDependency */ = {
			isa = PBXTargetDependency;
			target = 54E6ACC82F69240A00E21BC6 /* Sink or Swim */;
			targetProxy = 54E6ACDB2F69240C00E21BC6 /* PBXContainerItemProxy */;
		};
		54E6ACE62F69240C00E21BC6 /* PBXTargetDependency */ = {
			isa = PBXTargetDependency;
			target = 54E6ACC82F69240A00E21BC6 /* Sink or Swim */;
			targetProxy = 54E6ACE52F69240C00E21BC6 /* PBXContainerItemProxy */;
		};
/* End PBXTargetDependency section */

/* Begin XCBuildConfiguration section */
		54E6ACEE2F69240C00E21BC6 /* Debug */ = {
			isa = XCBuildConfiguration;
			buildSettings = {
				ASSETCATALOG_COMPILER_APPICON_NAME = AppIcon;
				ASSETCATALOG_COMPILER_GLOBAL_ACCENT_COLOR_NAME = AccentColor;
				CODE_SIGN_ENTITLEMENTS = "Sink or Swim/Sink_or_Swim.entitlements";
				CODE_SIGN_STYLE = Automatic;
				CURRENT_PROJECT_VERSION = 5;
				DEVELOPMENT_TEAM = LQHDV5VLD4;
				ENABLE_PREVIEWS = YES;
				GENERATE_INFOPLIST_FILE = YES;
				INFOPLIST_FILE = "Sink or Swim/Info.plist";
				INFOPLIST_KEY_CFBundleDisplayName = "Sink or Swim";
				INFOPLIST_KEY_ITSAppUsesNonExemptEncryption = NO;
				INFOPLIST_KEY_UIApplicationSceneManifest_Generation = YES;
				INFOPLIST_KEY_UIApplicationSupportsIndirectInputEvents = YES;
				INFOPLIST_KEY_UILaunchScreen_Generation = YES;
				INFOPLIST_KEY_UISupportedInterfaceOrientations = UIInterfaceOrientationPortrait;
				INFOPLIST_KEY_UISupportedInterfaceOrientations_iPad = "UIInterfaceOrientationLandscapeLeft UIInterfaceOrientationLandscapeRight UIInterfaceOrientationPortrait UIInterfaceOrientationPortraitUpsideDown";
				IPHONEOS_DEPLOYMENT_TARGET = 26.0;
				LD_RUNPATH_SEARCH_PATHS = (
					"$(inherited)",
					"@executable_path/Frameworks",
				);
				MARKETING_VERSION = 1.0.4;
				PRODUCT_BUNDLE_IDENTIFIER = "com.pelicanDropStudios.sinkOrSwim";
				PRODUCT_NAME = "$(TARGET_NAME)";
				STRING_CATALOG_GENERATE_SYMBOLS = YES;
				SWIFT_APPROACHABLE_CONCURRENCY = YES;
				SWIFT_DEFAULT_ACTOR_ISOLATION = MainActor;
				SWIFT_EMIT_LOC_STRINGS = YES;
				SWIFT_UPCOMING_FEATURE_MEMBER_IMPORT_VISIBILITY = YES;
				SWIFT_VERSION = 5.0;
				TARGETED_DEVICE_FAMILY = "1,2";
			};
			name = Debug;
		};
		54E6ACEF2F69240C00E21BC6 /* Release */ = {
			isa = XCBuildConfiguration;
			buildSettings = {
				ASSETCATALOG_COMPILER_APPICON_NAME = AppIcon;
				ASSETCATALOG_COMPILER_GLOBAL_ACCENT_COLOR_NAME = AccentColor;
				CODE_SIGN_ENTITLEMENTS = "Sink or Swim/Sink_or_Swim.entitlements";
				CODE_SIGN_STYLE = Automatic;
				CURRENT_PROJECT_VERSION = 5;
				DEVELOPMENT_TEAM = LQHDV5VLD4;
				ENABLE_PREVIEWS = YES;
				GENERATE_INFOPLIST_FILE = YES;
				INFOPLIST_FILE = "Sink or Swim/Info.plist";
				INFOPLIST_KEY_CFBundleDisplayName = "Sink or Swim";
				INFOPLIST_KEY_ITSAppUsesNonExemptEncryption = NO;
				INFOPLIST_KEY_UIApplicationSceneManifest_Generation = YES;
				INFOPLIST_KEY_UIApplicationSupportsIndirectInputEvents = YES;
				INFOPLIST_KEY_UILaunchScreen_Generation = YES;
				INFOPLIST_KEY_UISupportedInterfaceOrientations = UIInterfaceOrientationPortrait;
				INFOPLIST_KEY_UISupportedInterfaceOrientations_iPad = "UIInterfaceOrientationLandscapeLeft UIInterfaceOrientationLandscapeRight UIInterfaceOrientationPortrait UIInterfaceOrientationPortraitUpsideDown";
				IPHONEOS_DEPLOYMENT_TARGET = 26.0;
				LD_RUNPATH_SEARCH_PATHS = (
					"$(inherited)",
					"@executable_path/Frameworks",
				);
				MARKETING_VERSION = 1.0.4;
				PRODUCT_BUNDLE_IDENTIFIER = "com.pelicanDropStudios.sinkOrSwim";
				PRODUCT_NAME = "$(TARGET_NAME)";
				STRING_CATALOG_GENERATE_SYMBOLS = YES;
				SWIFT_APPROACHABLE_CONCURRENCY = YES;
				SWIFT_DEFAULT_ACTOR_ISOLATION = MainActor;
				SWIFT_EMIT_LOC_STRINGS = YES;
				SWIFT_UPCOMING_FEATURE_MEMBER_IMPORT_VISIBILITY = YES;
				SWIFT_VERSION = 5.0;
				TARGETED_DEVICE_FAMILY = "1,2";
			};
			name = Release;
		};
		54E6ACF02F69240C00E21BC6 /* Debug */ = {
			isa = XCBuildConfiguration;
			buildSettings = {
				ALWAYS_SEARCH_USER_PATHS = NO;
				ASSETCATALOG_COMPILER_GENERATE_SWIFT_ASSET_SYMBOL_EXTENSIONS = YES;
				CLANG_ANALYZER_NONNULL = YES;
				CLANG_ANALYZER_NUMBER_OBJECT_CONVERSION = YES_AGGRESSIVE;
				CLANG_CXX_LANGUAGE_STANDARD = "gnu++20";
				CLANG_ENABLE_MODULES = YES;
				CLANG_ENABLE_OBJC_ARC = YES;
				CLANG_ENABLE_OBJC_WEAK = YES;
				CLANG_WARN_BLOCK_CAPTURE_AUTORELEASING = YES;
				CLANG_WARN_BOOL_CONVERSION = YES;
				CLANG_WARN_COMMA = YES;
				CLANG_WARN_CONSTANT_CONVERSION = YES;
				CLANG_WARN_DEPRECATED_OBJC_IMPLEMENTATIONS = YES;
				CLANG_WARN_DIRECT_OBJC_ISA_USAGE = YES_ERROR;
				CLANG_WARN_DOCUMENTATION_COMMENTS = YES;
				CLANG_WARN_EMPTY_BODY = YES;
				CLANG_WARN_ENUM_CONVERSION = YES;
				CLANG_WARN_INFINITE_RECURSION = YES;
				CLANG_WARN_INT_CONVERSION = YES;
				CLANG_WARN_NON_LITERAL_NULL_CONVERSION = YES;
				CLANG_WARN_OBJC_IMPLICIT_RETAIN_SELF = YES;
				CLANG_WARN_OBJC_LITERAL_CONVERSION = YES;
				CLANG_WARN_OBJC_ROOT_CLASS = YES_ERROR;
				CLANG_WARN_QUOTED_INCLUDE_IN_FRAMEWORK_HEADER = YES;
				CLANG_WARN_RANGE_LOOP_ANALYSIS = YES;
				CLANG_WARN_STRICT_PROTOTYPES = YES;
				CLANG_WARN_SUSPICIOUS_MOVE = YES;
				CLANG_WARN_UNGUARDED_AVAILABILITY = YES_AGGRESSIVE;
				CLANG_WARN_UNREACHABLE_CODE = YES;
				CLANG_WARN__DUPLICATE_METHOD_MATCH = YES;
				COPY_PHASE_STRIP = NO;
				DEBUG_INFORMATION_FORMAT = dwarf;
				ENABLE_STRICT_OBJC_MSGSEND = YES;
				ENABLE_TESTABILITY = YES;
				ENABLE_USER_SCRIPT_SANDBOXING = YES;
				GCC_C_LANGUAGE_STANDARD = gnu17;
				GCC_DYNAMIC_NO_PIC = NO;
				GCC_NO_COMMON_BLOCKS = YES;
				GCC_OPTIMIZATION_LEVEL = 0;
				GCC_PREPROCESSOR_DEFINITIONS = (
					"DEBUG=1",
					"$(inherited)",
				);
				GCC_WARN_64_TO_32_BIT_CONVERSION = YES;
				GCC_WARN_ABOUT_RETURN_TYPE = YES_ERROR;
				GCC_WARN_UNDECLARED_SELECTOR = YES;
				GCC_WARN_UNINITIALIZED_AUTOS = YES_AGGRESSIVE;
				GCC_WARN_UNUSED_FUNCTION = YES;
				GCC_WARN_UNUSED_VARIABLE = YES;
				IPHONEOS_DEPLOYMENT_TARGET = 26.2;
				LOCALIZATION_PREFERS_STRING_CATALOGS = YES;
				MTL_ENABLE_DEBUG_INFO = INCLUDE_SOURCE;
				MTL_FAST_MATH = YES;
				ONLY_ACTIVE_ARCH = YES;
				SDKROOT = iphoneos;
				SWIFT_ACTIVE_COMPILATION_CONDITIONS = "DEBUG $(inherited)";
				SWIFT_OPTIMIZATION_LEVEL = "-Onone";
			};
			name = Debug;
		};
		54E6ACF12F69240C00E21BC6 /* Release */ = {
			isa = XCBuildConfiguration;
			buildSettings = {
				ALWAYS_SEARCH_USER_PATHS = NO;
				ASSETCATALOG_COMPILER_GENERATE_SWIFT_ASSET_SYMBOL_EXTENSIONS = YES;
				CLANG_ANALYZER_NONNULL = YES;
				CLANG_ANALYZER_NUMBER_OBJECT_CONVERSION = YES_AGGRESSIVE;
				CLANG_CXX_LANGUAGE_STANDARD = "gnu++20";
				CLANG_ENABLE_MODULES = YES;
				CLANG_ENABLE_OBJC_ARC = YES;
				CLANG_ENABLE_OBJC_WEAK = YES;
				CLANG_WARN_BLOCK_CAPTURE_AUTORELEASING = YES;
				CLANG_WARN_BOOL_CONVERSION = YES;
				CLANG_WARN_COMMA = YES;
				CLANG_WARN_CONSTANT_CONVERSION = YES;
				CLANG_WARN_DEPRECATED_OBJC_IMPLEMENTATIONS = YES;
				CLANG_WARN_DIRECT_OBJC_ISA_USAGE = YES_ERROR;
				CLANG_WARN_DOCUMENTATION_COMMENTS = YES;
				CLANG_WARN_EMPTY_BODY = YES;
				CLANG_WARN_ENUM_CONVERSION = YES;
				CLANG_WARN_INFINITE_RECURSION = YES;
				CLANG_WARN_INT_CONVERSION = YES;
				CLANG_WARN_NON_LITERAL_NULL_CONVERSION = YES;
				CLANG_WARN_OBJC_IMPLICIT_RETAIN_SELF = YES;
				CLANG_WARN_OBJC_LITERAL_CONVERSION = YES;
				CLANG_WARN_OBJC_ROOT_CLASS = YES_ERROR;
				CLANG_WARN_QUOTED_INCLUDE_IN_FRAMEWORK_HEADER = YES;
				CLANG_WARN_RANGE_LOOP_ANALYSIS = YES;
				CLANG_WARN_STRICT_PROTOTYPES = YES;
				CLANG_WARN_SUSPICIOUS_MOVE = YES;
				CLANG_WARN_UNGUARDED_AVAILABILITY = YES_AGGRESSIVE;
				CLANG_WARN_UNREACHABLE_CODE = YES;
				CLANG_WARN__DUPLICATE_METHOD_MATCH = YES;
				COPY_PHASE_STRIP = NO;
				DEBUG_INFORMATION_FORMAT = "dwarf-with-dsym";
				ENABLE_NS_ASSERTIONS = NO;
				ENABLE_STRICT_OBJC_MSGSEND = YES;
				ENABLE_USER_SCRIPT_SANDBOXING = YES;
				GCC_C_LANGUAGE_STANDARD = gnu17;
				GCC_NO_COMMON_BLOCKS = YES;
				GCC_WARN_64_TO_32_BIT_CONVERSION = YES;
				GCC_WARN_ABOUT_RETURN_TYPE = YES_ERROR;
				GCC_WARN_UNDECLARED_SELECTOR = YES;
				GCC_WARN_UNINITIALIZED_AUTOS = YES_AGGRESSIVE;
				GCC_WARN_UNUSED_FUNCTION = YES;
				GCC_WARN_UNUSED_VARIABLE = YES;
				IPHONEOS_DEPLOYMENT_TARGET = 26.2;
				LOCALIZATION_PREFERS_STRING_CATALOGS = YES;
				MTL_ENABLE_DEBUG_INFO = NO;
				MTL_FAST_MATH = YES;
				SDKROOT = iphoneos;
				SWIFT_COMPILATION_MODE = wholemodule;
				VALIDATE_PRODUCT = YES;
			};
			name = Release;
		};
		54E6ACF32F69240C00E21BC6 /* Debug */ = {
			isa = XCBuildConfiguration;
			buildSettings = {
				BUNDLE_LOADER = "$(TEST_HOST)";
				CODE_SIGN_STYLE = Automatic;
				CURRENT_PROJECT_VERSION = 1;
				GENERATE_INFOPLIST_FILE = YES;
				IPHONEOS_DEPLOYMENT_TARGET = 26.2;
				MARKETING_VERSION = 1.0;
				PRODUCT_BUNDLE_IDENTIFIER = "com.pelicanDropStudios.sinkOrSwimTests";
				PRODUCT_NAME = "$(TARGET_NAME)";
				STRING_CATALOG_GENERATE_SYMBOLS = NO;
				SWIFT_APPROACHABLE_CONCURRENCY = YES;
				SWIFT_EMIT_LOC_STRINGS = NO;
				SWIFT_UPCOMING_FEATURE_MEMBER_IMPORT_VISIBILITY = YES;
				SWIFT_VERSION = 5.0;
				TARGETED_DEVICE_FAMILY = "1,2";
				TEST_HOST = "$(BUILT_PRODUCTS_DIR)/Sink or Swim.app/$(BUNDLE_EXECUTABLE_FOLDER_PATH)/Sink or Swim";
			};
			name = Debug;
		};
		54E6ACF42F69240C00E21BC6 /* Release */ = {
			isa = XCBuildConfiguration;
			buildSettings = {
				BUNDLE_LOADER = "$(TEST_HOST)";
				CODE_SIGN_STYLE = Automatic;
				CURRENT_PROJECT_VERSION = 1;
				GENERATE_INFOPLIST_FILE = YES;
				IPHONEOS_DEPLOYMENT_TARGET = 26.2;
				MARKETING_VERSION = 1.0;
				PRODUCT_BUNDLE_IDENTIFIER = "com.pelicanDropStudios.sinkOrSwimTests";
				PRODUCT_NAME = "$(TARGET_NAME)";
				STRING_CATALOG_GENERATE_SYMBOLS = NO;
				SWIFT_APPROACHABLE_CONCURRENCY = YES;
				SWIFT_EMIT_LOC_STRINGS = NO;
				SWIFT_UPCOMING_FEATURE_MEMBER_IMPORT_VISIBILITY = YES;
				SWIFT_VERSION = 5.0;
				TARGETED_DEVICE_FAMILY = "1,2";
				TEST_HOST = "$(BUILT_PRODUCTS_DIR)/Sink or Swim.app/$(BUNDLE_EXECUTABLE_FOLDER_PATH)/Sink or Swim";
			};
			name = Release;
		};
		54E6ACF62F69240C00E21BC6 /* Debug */ = {
			isa = XCBuildConfiguration;
			buildSettings = {
				CODE_SIGN_STYLE = Automatic;
				CURRENT_PROJECT_VERSION = 1;
				GENERATE_INFOPLIST_FILE = YES;
				MARKETING_VERSION = 1.0;
				PRODUCT_BUNDLE_IDENTIFIER = "com.pelicanDropStudios.sinkOrSwimUITests";
				PRODUCT_NAME = "$(TARGET_NAME)";
				STRING_CATALOG_GENERATE_SYMBOLS = NO;
				SWIFT_APPROACHABLE_CONCURRENCY = YES;
				SWIFT_EMIT_LOC_STRINGS = NO;
				SWIFT_UPCOMING_FEATURE_MEMBER_IMPORT_VISIBILITY = YES;
				SWIFT_VERSION = 5.0;
				TARGETED_DEVICE_FAMILY = "1,2";
				TEST_TARGET_NAME = "Sink or Swim";
			};
			name = Debug;
		};
		54E6ACF72F69240C00E21BC6 /* Release */ = {
			isa = XCBuildConfiguration;
			buildSettings = {
				CODE_SIGN_STYLE = Automatic;
				CURRENT_PROJECT_VERSION = 1;
				GENERATE_INFOPLIST_FILE = YES;
				MARKETING_VERSION = 1.0;
				PRODUCT_BUNDLE_IDENTIFIER = "com.pelicanDropStudios.sinkOrSwimUITests";
				PRODUCT_NAME = "$(TARGET_NAME)";
				STRING_CATALOG_GENERATE_SYMBOLS = NO;
				SWIFT_APPROACHABLE_CONCURRENCY = YES;
				SWIFT_EMIT_LOC_STRINGS = NO;
				SWIFT_UPCOMING_FEATURE_MEMBER_IMPORT_VISIBILITY = YES;
				SWIFT_VERSION = 5.0;
				TARGETED_DEVICE_FAMILY = "1,2";
				TEST_TARGET_NAME = "Sink or Swim";
			};
			name = Release;
		};
/* End XCBuildConfiguration section */

/* Begin XCConfigurationList section */
		54E6ACC42F69240A00E21BC6 /* Build configuration list for PBXProject "Sink or Swim" */ = {
			isa = XCConfigurationList;
			buildConfigurations = (
				54E6ACF02F69240C00E21BC6 /* Debug */,
				54E6ACF12F69240C00E21BC6 /* Release */,
			);
			defaultConfigurationIsVisible = 0;
			defaultConfigurationName = Release;
		};
		54E6ACED2F69240C00E21BC6 /* Build configuration list for PBXNativeTarget "Sink or Swim" */ = {
			isa = XCConfigurationList;
			buildConfigurations = (
				54E6ACEE2F69240C00E21BC6 /* Debug */,
				54E6ACEF2F69240C00E21BC6 /* Release */,
			);
			defaultConfigurationIsVisible = 0;
			defaultConfigurationName = Release;
		};
		54E6ACF22F69240C00E21BC6 /* Build configuration list for PBXNativeTarget "Sink or SwimTests" */ = {
			isa = XCConfigurationList;
			buildConfigurations = (
				54E6ACF32F69240C00E21BC6 /* Debug */,
				54E6ACF42F69240C00E21BC6 /* Release */,
			);
			defaultConfigurationIsVisible = 0;
			defaultConfigurationName = Release;
		};
		54E6ACF52F69240C00E21BC6 /* Build configuration list for PBXNativeTarget "Sink or SwimUITests" */ = {
			isa = XCConfigurationList;
			buildConfigurations = (
				54E6ACF62F69240C00E21BC6 /* Debug */,
				54E6ACF72F69240C00E21BC6 /* Release */,
			);
			defaultConfigurationIsVisible = 0;
			defaultConfigurationName = Release;
		};
/* End XCConfigurationList section */
	};
	rootObject = 54E6ACC12F69240A00E21BC6 /* Project object */;
}
